
Microsoft Visual Studio Solution File, Format Version 11.00
# Visual Studio 2010
Project("{E24C65DC-7377-472B-9ABA-BC803B73C61A}") = "GMS", "..\GMS", "{6FD30A3F-AF9D-4968-A405-C7EC0CD49638}"
	ProjectSection(WebsiteProperties) = preProject
		SccProjectName = ""
		SccAuxPath = ""
		SccLocalPath = ""
		SccProvider = ""
		TargetFrameworkMoniker = ".NETFramework,Version%3Dv4.0"
		ProjectReferences = "{EE279FF4-2EC2-4C66-BB38-E081BE175658}|HYSoft.Framework.dll;"
		Debug.AspNetCompiler.VirtualPath = "/GMS"
		Debug.AspNetCompiler.PhysicalPath = "..\GMS\"
		Debug.AspNetCompiler.TargetPath = "PrecompiledWeb\GMS\"
		Debug.AspNetCompiler.Updateable = "true"
		Debug.AspNetCompiler.ForceOverwrite = "true"
		Debug.AspNetCompiler.FixedNames = "false"
		Debug.AspNetCompiler.Debug = "True"
		Release.AspNetCompiler.VirtualPath = "/GMS"
		Release.AspNetCompiler.PhysicalPath = "..\GMS\"
		Release.AspNetCompiler.TargetPath = "PrecompiledWeb\GMS\"
		Release.AspNetCompiler.Updateable = "true"
		Release.AspNetCompiler.ForceOverwrite = "true"
		Release.AspNetCompiler.FixedNames = "false"
		Release.AspNetCompiler.Debug = "False"
		VWDPort = "1630"
		VWDVirtualPath = "/"
		DefaultWebSiteLanguage = "Visual C#"
	EndProjectSection
EndProject
Project("{FAE04EC0-301F-11D3-BF4B-00C04F79EFBC}") = "Framework", "..\Framework\Framework.csproj", "{EE279FF4-2EC2-4C66-BB38-E081BE175658}"
EndProject
Global
	GlobalSection(SolutionConfigurationPlatforms) = preSolution
		Debug|Any CPU = Debug|Any CPU
		Release|Any CPU = Release|Any CPU
	EndGlobalSection
	GlobalSection(ProjectConfigurationPlatforms) = postSolution
		{6FD30A3F-AF9D-4968-A405-C7EC0CD49638}.Debug|Any CPU.ActiveCfg = Debug|Any CPU
		{6FD30A3F-AF9D-4968-A405-C7EC0CD49638}.Release|Any CPU.ActiveCfg = Debug|Any CPU
		{EE279FF4-2EC2-4C66-BB38-E081BE175658}.Debug|Any CPU.ActiveCfg = Debug|Any CPU
		{EE279FF4-2EC2-4C66-BB38-E081BE175658}.Debug|Any CPU.Build.0 = Debug|Any CPU
		{EE279FF4-2EC2-4C66-BB38-E081BE175658}.Release|Any CPU.ActiveCfg = Release|Any CPU
		{EE279FF4-2EC2-4C66-BB38-E081BE175658}.Release|Any CPU.Build.0 = Release|Any CPU
	EndGlobalSection
	GlobalSection(SolutionProperties) = preSolution
		HideSolutionNode = FALSE
	EndGlobalSection
	GlobalSection(SubversionScc) = preSolution
		Svn-Managed = True
		Manager = AnkhSVN - Subversion Support for Visual Studio
	EndGlobalSection
EndGlobal
